NeoBundleLock Align 787662fe90cd057942bc5b682fd70c87e1a9dd77
NeoBundleLock jshint2.vim c94307e925d17b80c6ec9253837930ed3c3d558f
NeoBundleLock molokai db8ce13b3737d3ddea8368498183d7c204a762eb
NeoBundleLock neobundle.vim 5f3b67166d8a4b1dd073aea39850058521fe891f
NeoBundleLock neocomplcache 778181767467b8f8016828898779a646074d883a
NeoBundleLock neomru.vim 6e6ca0454fbe67ab01cfe9c8588546c9af156944
NeoBundleLock sudo.vim 060f0250d6f399d1cf9b15eaad3d55b3fbad4b0d
NeoBundleLock typescript-vim 66c0e5ddb4fedbb2398cfedc64a62612ad98e188
NeoBundleLock unite-ghq 6851fe9f8c71ba9535ffc061535ab87c29552a10
NeoBundleLock unite.vim c3265691a917aa22ae18ed422f255d5f0e43d2ec
NeoBundleLock vim-coffee-script 32fe889b8cafd3a4921ef8e6485156453ff58c42
NeoBundleLock vim-fugitive 03cc95cc198ea94a6a003a92cd0e58af4416ec25
NeoBundleLock vim-go bb64fa1f474ef1bfc9ddcfa79b194e50b2d60d4d
NeoBundleLock vim-jsx bfe7f1bc98c6b786a044ecd6cf854ec3272ef434
NeoBundleLock vim-less 55a98f0df05195b0addb76b0d5479d421f72d104
NeoBundleLock vim-perl bf1c2354a661bb797c2b0ecb2906b53fb0e5455c
NeoBundleLock vim-quickrun 4eb2c80c7d52cc9d806cf8ac4317717ae7064fb9
NeoBundleLock vim-ref 70741519b70a67623d1e5d56d50764491b7582ea
NeoBundleLock vim-scala 71ada50fc5e2b3c9fdbdb75835a218d2c245efec
NeoBundleLock vimproc.vim 0555aecded8737435747e903efc4b6f3241cc62c
NeoBundleLock xslate-vim e6eff89c4f41c61171e7debacad69e13ebb95b4c
