NeoBundleLock neobundle.vim a4c2ce81f007144e34a7064325d55b94beb04f0d
NeoBundleLock unite.vim d55a26affd719585b500413ec80126ee7ab2ab1f
NeoBundleLock unite-ghq 6851fe9f8c71ba9535ffc061535ab87c29552a10
NeoBundleLock vim-coffee-script 827e4a38b07479433b619091469a7495a392df8a
NeoBundleLock vim-ref 63cef8fe51e597f0b0475b654961cef01feabd93
NeoBundleLock vim-fugitive 2c8461db084d205903a792a23163faa546f143c9
NeoBundleLock jshint2.vim 96f30814ad66eed472996bf746f84e9ffad20c66
NeoBundleLock xslate-vim e6eff89c4f41c61171e7debacad69e13ebb95b4c
NeoBundleLock vim-less 940a8defa0576385dee1ad177bab0b34738540aa
NeoBundleLock jshint.vim 67af059d15ab0548dd3f55a6a77e966c47615dde
NeoBundleLock vim-quickrun ae97cef42ae142306e9431dce9ab97c4353e5254
NeoBundleLock vim-perl 83b2e3243cedf72fab8654b089bba6d4f5ebc4d5
NeoBundleLock neocomplcache 68f9aa84d32389ff4393d63ad9082ca2f768420f
NeoBundleLock vimproc.vim 9baa1ca5deeab9687b987b336507a9c531faa5f6
NeoBundleLock neomru.vim 7df9999b841228661ff73909c5b9e34952331e22
NeoBundleLock sudo.vim 060f0250d6f399d1cf9b15eaad3d55b3fbad4b0d
NeoBundleLock Align 787662fe90cd057942bc5b682fd70c87e1a9dd77
