NeoBundleLock Align 787662fe90cd057942bc5b682fd70c87e1a9dd77
NeoBundleLock jshint2.vim c94307e925d17b80c6ec9253837930ed3c3d558f
NeoBundleLock molokai db8ce13b3737d3ddea8368498183d7c204a762eb
NeoBundleLock neobundle.vim be47c712c78da19ae3172255fe7f1fa6303b6577
NeoBundleLock neocomplcache 778181767467b8f8016828898779a646074d883a
NeoBundleLock neomru.vim a52b644475156d397117b2e7920849fb9f1c8901
NeoBundleLock neosnippet 32e2cf9f70bd26755cf198eeac8c2f44e1723a75
NeoBundleLock neosnippet-snippets f72814aee4f8530b0f22ca9fa814e1e6473ba543
NeoBundleLock sudo.vim 060f0250d6f399d1cf9b15eaad3d55b3fbad4b0d
NeoBundleLock typescript-vim 66c0e5ddb4fedbb2398cfedc64a62612ad98e188
NeoBundleLock unite-ghq 6851fe9f8c71ba9535ffc061535ab87c29552a10
NeoBundleLock unite.vim f1aa053aae95e0185c5c9667ecd938c4fc37c2c7
NeoBundleLock vim-coffee-script 32fe889b8cafd3a4921ef8e6485156453ff58c42
NeoBundleLock vim-fugitive b319b694539017dcd789dc2c42f784a30d7b28b8
NeoBundleLock vim-go 5048bdbebcffb296aa60b4c21c44ae8276244539
NeoBundleLock vim-jsx 82773e7be94c558c2de6bc1e84054c3915a70cb3
NeoBundleLock vim-less 6fae407f7ed666a6dd0fb596e67df8787dccca59
NeoBundleLock vim-perl 5df54184b9cf772527592e9db90b2ce7e4ca3a05
NeoBundleLock vim-quickrun ec9f7f2c26dd49ffaf4f3ce8c6254c76696fbf41
NeoBundleLock vim-ref 007b0ac409100cf2b83eb7dace5c8235e3737fef
NeoBundleLock vim-scala 71ada50fc5e2b3c9fdbdb75835a218d2c245efec
NeoBundleLock vimproc.vim a6bd6893749e3cbfb07230f4284c36b2dc2d8179
NeoBundleLock xslate-vim e6eff89c4f41c61171e7debacad69e13ebb95b4c
